// !$*UTF8*$!
{
	archiveVersion = 1;
	classes = {
	};
	objectVersion = 50;
	objects = {

/* Begin PBXBuildFile section */
		61EBAC9324114E60000C0BB0 /* level1.txt in Resources */ = {isa = PBXBuildFile; fileRef = 61EBAC9224114E5F000C0BB0 /* level1.txt */; };
		61FCF4CD24112C2A007912CC /* AppDelegate.swift in Sources */ = {isa = PBXBuildFile; fileRef = 61FCF4CC24112C2A007912CC /* AppDelegate.swift */; };
		61FCF4CF24112C2A007912CC /* SceneDelegate.swift in Sources */ = {isa = PBXBuildFile; fileRef = 61FCF4CE24112C2A007912CC /* SceneDelegate.swift */; };
		61FCF4D124112C2A007912CC /* ViewController.swift in Sources */ = {isa = PBXBuildFile; fileRef = 61FCF4D024112C2A007912CC /* ViewController.swift */; };
		61FCF4D424112C2A007912CC /* Main.storyboard in Resources */ = {isa = PBXBuildFile; fileRef = 61FCF4D224112C2A007912CC /* Main.storyboard */; };
		61FCF4D624112C2C007912CC /* Assets.xcassets in Resources */ = {isa = PBXBuildFile; fileRef = 61FCF4D524112C2C007912CC /* Assets.xcassets */; };
		61FCF4D924112C2C007912CC /* LaunchScreen.storyboard in Resources */ = {isa = PBXBuildFile; fileRef = 61FCF4D724112C2C007912CC /* LaunchScreen.storyboard */; };
/* End PBXBuildFile section */

/* Begin PBXFileReference section */
		61EBAC9224114E5F000C0BB0 /* level1.txt */ = {isa = PBXFileReference; fileEncoding = 4; lastKnownFileType = text; path = level1.txt; sourceTree = "<group>"; };
		61FCF4C924112C2A007912CC /* SwiftyWords.app */ = {isa = PBXFileReference; explicitFileType = wrapper.application; includeInIndex = 0; path = SwiftyWords.app; sourceTree = BUILT_PRODUCTS_DIR; };
		61FCF4CC24112C2A007912CC /* AppDelegate.swift */ = {isa = PBXFileReference; lastKnownFileType = sourcecode.swift; path = AppDelegate.swift; sourceTree = "<group>"; };
		61FCF4CE24112C2A007912CC /* SceneDelegate.swift */ = {isa = PBXFileReference; lastKnownFileType = sourcecode.swift; path = SceneDelegate.swift; sourceTree = "<group>"; };
		61FCF4D024112C2A007912CC /* ViewController.swift */ = {isa = PBXFileReference; lastKnownFileType = sourcecode.swift; path = ViewController.swift; sourceTree = "<group>"; };
		61FCF4D324112C2A007912CC /* Base */ = {isa = PBXFileReference; lastKnownFileType = file.storyboard; name = Base; path = Base.lproj/Main.storyboard; sourceTree = "<group>"; };
		61FCF4D524112C2C007912CC /* Assets.xcassets */ = {isa = PBXFileReference; lastKnownFileType = folder.assetcatalog; path = Assets.xcassets; sourceTree = "<group>"; };
		61FCF4D824112C2C007912CC /* Base */ = {isa = PBXFileReference; lastKnownFileType = file.storyboard; name = Base; path = Base.lproj/LaunchScreen.storyboard; sourceTree = "<group>"; };
		61FCF4DA24112C2C007912CC /* Info.plist */ = {isa = PBXFileReference; lastKnownFileType = text.plist.xml; path = Info.plist; sourceTree = "<group>"; };
/* End PBXFileReference section */

/* Begin PBXFrameworksBuildPhase section */
		61FCF4C624112C2A007912CC /* Frameworks */ = {
			isa = PBXFrameworksBuildPhase;
			buildActionMask = 2147483647;
			files = (
			);
			runOnlyForDeploymentPostprocessing = 0;
		};
/* End PBXFrameworksBuildPhase section */

/* Begin PBXGroup section */
		61FCF4C024112C2A007912CC = {
			isa = PBXGroup;
			children = (
				61FCF4CB24112C2A007912CC /* SwiftyWords */,
				61FCF4CA24112C2A007912CC /* Products */,
			);
			sourceTree = "<group>";
		};
		61FCF4CA24112C2A007912CC /* Products */ = {
			isa = PBXGroup;
			children = (
				61FCF4C924112C2A007912CC /* SwiftyWords.app */,
			);
			name = Products;
			sourceTree = "<group>";
		};
		61FCF4CB24112C2A007912CC /* SwiftyWords */ = {
			isa = PBXGroup;
			children = (
				61FCF4CC24112C2A007912CC /* AppDelegate.swift */,
				61FCF4CE24112C2A007912CC /* SceneDelegate.swift */,
				61FCF4D024112C2A007912CC /* ViewController.swift */,
				61FCF4D224112C2A007912CC /* Main.storyboard */,
				61FCF4D524112C2C007912CC /* Assets.xcassets */,
				61FCF4D724112C2C007912CC /* LaunchScreen.storyboard */,
				61FCF4DA24112C2C007912CC /* Info.plist */,
				61EBAC9224114E5F000C0BB0 /* level1.txt */,
			);
			path = SwiftyWords;
			sourceTree = "<group>";
		};
/* End PBXGroup section */

/* Begin PBXNativeTarget section */
		61FCF4C824112C2A007912CC /* SwiftyWords */ = {
			isa = PBXNativeTarget;
			buildConfigurationList = 61FCF4DD24112C2C007912CC /* Build configuration list for PBXNativeTarget "SwiftyWords" */;
			buildPhases = (
				61FCF4C524112C2A007912CC /* Sources */,
				61FCF4C624112C2A007912CC /* Frameworks */,
				61FCF4C724112C2A007912CC /* Resources */,
			);
			buildRules = (
			);
			dependencies = (
			);
			name = SwiftyWords;
			productName = SwiftyWords;
			productReference = 61FCF4C924112C2A007912CC /* SwiftyWords.app */;
			productType = "com.apple.product-type.application";
		};
/* End PBXNativeTarget section */

/* Begin PBXProject section */
		61FCF4C124112C2A007912CC /* Project object */ = {
			isa = PBXProject;
			attributes = {
				LastSwiftUpdateCheck = 1130;
				LastUpgradeCheck = 1130;
				ORGANIZATIONNAME = "Hoang Pham";
				TargetAttributes = {
					61FCF4C824112C2A007912CC = {
						CreatedOnToolsVersion = 11.3.1;
					};
				};
			};
			buildConfigurationList = 61FCF4C424112C2A007912CC /* Build configuration list for PBXProject "SwiftyWords" */;
			compatibilityVersion = "Xcode 9.3";
			developmentRegion = en;
			hasScannedForEncodings = 0;
			knownRegions = (
				en,
				Base,
			);
			mainGroup = 61FCF4C024112C2A007912CC;
			productRefGroup = 61FCF4CA24112C2A007912CC /* Products */;
			projectDirPath = "";
			projectRoot = "";
			targets = (
				61FCF4C824112C2A007912CC /* SwiftyWords */,
			);
		};
/* End PBXProject section */

/* Begin PBXResourcesBuildPhase section */
		61FCF4C724112C2A007912CC /* Resources */ = {
			isa = PBXResourcesBuildPhase;
			buildActionMask = 2147483647;
			files = (
				61FCF4D924112C2C007912CC /* LaunchScreen.storyboard in Resources */,
				61EBAC9324114E60000C0BB0 /* level1.txt in Resources */,
				61FCF4D624112C2C007912CC /* Assets.xcassets in Resources */,
				61FCF4D424112C2A007912CC /* Main.storyboard in Resources */,
			);
			runOnlyForDeploymentPostprocessing = 0;
		};
/* End PBXResourcesBuildPhase section */

/* Begin PBXSourcesBuildPhase section */
		61FCF4C524112C2A007912CC /* Sources */ = {
			isa = PBXSourcesBuildPhase;
			buildActionMask = 2147483647;
			files = (
				61FCF4D124112C2A007912CC /* ViewController.swift in Sources */,
				61FCF4CD24112C2A007912CC /* AppDelegate.swift in Sources */,
				61FCF4CF24112C2A007912CC /* SceneDelegate.swift in Sources */,
			);
			runOnlyForDeploymentPostprocessing = 0;
		};
/* End PBXSourcesBuildPhase section */

/* Begin PBXVariantGroup section */
		61FCF4D224112C2A007912CC /* Main.storyboard */ = {
			isa = PBXVariantGroup;
			children = (
				61FCF4D324112C2A007912CC /* Base */,
			);
			name = Main.storyboard;
			sourceTree = "<group>";
		};
		61FCF4D724112C2C007912CC /* LaunchScreen.storyboard */ = {
			isa = PBXVariantGroup;
			children = (
				61FCF4D824112C2C007912CC /* Base */,
			);
			name = LaunchScreen.storyboard;
			sourceTree = "<group>";
		};
/* End PBXVariantGroup section */

/* Begin XCBuildConfiguration section */
		61FCF4DB24112C2C007912CC /* Debug */ = {
			isa = XCBuildConfiguration;
			buildSettings = {
				ALWAYS_SEARCH_USER_PATHS = NO;
				CLANG_ANALYZER_NONNULL = YES;
				CLANG_ANALYZER_NUMBER_OBJECT_CONVERSION = YES_AGGRESSIVE;
				CLANG_CXX_LANGUAGE_STANDARD = "gnu++14";
				CLANG_CXX_LIBRARY = "libc++";
				CLANG_ENABLE_MODULES = YES;
				CLANG_ENABLE_OBJC_ARC = YES;
				CLANG_ENABLE_OBJC_WEAK = YES;
				CLANG_WARN_BLOCK_CAPTURE_AUTORELEASING = YES;
				CLANG_WARN_BOOL_CONVERSION = YES;
				CLANG_WARN_COMMA = YES;
				CLANG_WARN_CONSTANT_CONVERSION = YES;
				CLANG_WARN_DEPRECATED_OBJC_IMPLEMENTATIONS = YES;
				CLANG_WARN_DIRECT_OBJC_ISA_USAGE = YES_ERROR;
				CLANG_WARN_DOCUMENTATION_COMMENTS = YES;
				CLANG_WARN_EMPTY_BODY = YES;
				CLANG_WARN_ENUM_CONVERSION = YES;
				CLANG_WARN_INFINITE_RECURSION = YES;
				CLANG_WARN_INT_CONVERSION = YES;
				CLANG_WARN_NON_LITERAL_NULL_CONVERSION = YES;
				CLANG_WARN_OBJC_IMPLICIT_RETAIN_SELF = YES;
				CLANG_WARN_OBJC_LITERAL_CONVERSION = YES;
				CLANG_WARN_OBJC_ROOT_CLASS = YES_ERROR;
				CLANG_WARN_RANGE_LOOP_ANALYSIS = YES;
				CLANG_WARN_STRICT_PROTOTYPES = YES;
				CLANG_WARN_SUSPICIOUS_MOVE = YES;
				CLANG_WARN_UNGUARDED_AVAILABILITY = YES_AGGRESSIVE;
				CLANG_WARN_UNREACHABLE_CODE = YES;
				CLANG_WARN__DUPLICATE_METHOD_MATCH = YES;
				COPY_PHASE_STRIP = NO;
				DEBUG_INFORMATION_FORMAT = dwarf;
				ENABLE_STRICT_OBJC_MSGSEND = YES;
				ENABLE_TESTABILITY = YES;
				GCC_C_LANGUAGE_STANDARD = gnu11;
				GCC_DYNAMIC_NO_PIC = NO;
				GCC_NO_COMMON_BLOCKS = YES;
				GCC_OPTIMIZATION_LEVEL = 0;
				GCC_PREPROCESSOR_DEFINITIONS = (
					"DEBUG=1",
					"$(inherited)",
				);
				GCC_WARN_64_TO_32_BIT_CONVERSION = YES;
				GCC_WARN_ABOUT_RETURN_TYPE = YES_ERROR;
				GCC_WARN_UNDECLARED_SELECTOR = YES;
				GCC_WARN_UNINITIALIZED_AUTOS = YES_AGGRESSIVE;
				GCC_WARN_UNUSED_FUNCTION = YES;
				GCC_WARN_UNUSED_VARIABLE = YES;
				IPHONEOS_DEPLOYMENT_TARGET = 13.2;
				MTL_ENABLE_DEBUG_INFO = INCLUDE_SOURCE;
				MTL_FAST_MATH = YES;
				ONLY_ACTIVE_ARCH = YES;
				SDKROOT = iphoneos;
				SWIFT_ACTIVE_COMPILATION_CONDITIONS = DEBUG;
				SWIFT_OPTIMIZATION_LEVEL = "-Onone";
			};
			name = Debug;
		};
		61FCF4DC24112C2C007912CC /* Release */ = {
			isa = XCBuildConfiguration;
			buildSettings = {
				ALWAYS_SEARCH_USER_PATHS = NO;
				CLANG_ANALYZER_NONNULL = YES;
				CLANG_ANALYZER_NUMBER_OBJECT_CONVERSION = YES_AGGRESSIVE;
				CLANG_CXX_LANGUAGE_STANDARD = "gnu++14";
				CLANG_CXX_LIBRARY = "libc++";
				CLANG_ENABLE_MODULES = YES;
				CLANG_ENABLE_OBJC_ARC = YES;
				CLANG_ENABLE_OBJC_WEAK = YES;
				CLANG_WARN_BLOCK_CAPTURE_AUTORELEASING = YES;
				CLANG_WARN_BOOL_CONVERSION = YES;
				CLANG_WARN_COMMA = YES;
				CLANG_WARN_CONSTANT_CONVERSION = YES;
				CLANG_WARN_DEPRECATED_OBJC_IMPLEMENTATIONS = YES;
				CLANG_WARN_DIRECT_OBJC_ISA_USAGE = YES_ERROR;
				CLANG_WARN_DOCUMENTATION_COMMENTS = YES;
				CLANG_WARN_EMPTY_BODY = YES;
				CLANG_WARN_ENUM_CONVERSION = YES;
				CLANG_WARN_INFINITE_RECURSION = YES;
				CLANG_WARN_INT_CONVERSION = YES;
				CLANG_WARN_NON_LITERAL_NULL_CONVERSION = YES;
				CLANG_WARN_OBJC_IMPLICIT_RETAIN_SELF = YES;
				CLANG_WARN_OBJC_LITERAL_CONVERSION = YES;
				CLANG_WARN_OBJC_ROOT_CLASS = YES_ERROR;
				CLANG_WARN_RANGE_LOOP_ANALYSIS = YES;
				CLANG_WARN_STRICT_PROTOTYPES = YES;
				CLANG_WARN_SUSPICIOUS_MOVE = YES;
				CLANG_WARN_UNGUARDED_AVAILABILITY = YES_AGGRESSIVE;
				CLANG_WARN_UNREACHABLE_CODE = YES;
				CLANG_WARN__DUPLICATE_METHOD_MATCH = YES;
				COPY_PHASE_STRIP = NO;
				DEBUG_INFORMATION_FORMAT = "dwarf-with-dsym";
				ENABLE_NS_ASSERTIONS = NO;
				ENABLE_STRICT_OBJC_MSGSEND = YES;
				GCC_C_LANGUAGE_STANDARD = gnu11;
				GCC_NO_COMMON_BLOCKS = YES;
				GCC_WARN_64_TO_32_BIT_CONVERSION = YES;
				GCC_WARN_ABOUT_RETURN_TYPE = YES_ERROR;
				GCC_WARN_UNDECLARED_SELECTOR = YES;
				GCC_WARN_UNINITIALIZED_AUTOS = YES_AGGRESSIVE;
				GCC_WARN_UNUSED_FUNCTION = YES;
				GCC_WARN_UNUSED_VARIABLE = YES;
				IPHONEOS_DEPLOYMENT_TARGET = 13.2;
				MTL_ENABLE_DEBUG_INFO = NO;
				MTL_FAST_MATH = YES;
				SDKROOT = iphoneos;
				SWIFT_COMPILATION_MODE = wholemodule;
				SWIFT_OPTIMIZATION_LEVEL = "-O";
				VALIDATE_PRODUCT = YES;
			};
			name = Release;
		};
		61FCF4DE24112C2C007912CC /* Debug */ = {
			isa = XCBuildConfiguration;
			buildSettings = {
				ASSETCATALOG_COMPILER_APPICON_NAME = AppIcon;
				CODE_SIGN_STYLE = Automatic;
				DEVELOPMENT_TEAM = ARM9KE6EQA;
				INFOPLIST_FILE = SwiftyWords/Info.plist;
				LD_RUNPATH_SEARCH_PATHS = (
					"$(inherited)",
					"@executable_path/Frameworks",
				);
				PRODUCT_BUNDLE_IDENTIFIER = com.hoangpham.SwiftyWords;
				PRODUCT_NAME = "$(TARGET_NAME)";
				SWIFT_VERSION = 5.0;
				TARGETED_DEVICE_FAMILY = 2;
			};
			name = Debug;
		};
		61FCF4DF24112C2C007912CC /* Release */ = {
			isa = XCBuildConfiguration;
			buildSettings = {
				ASSETCATALOG_COMPILER_APPICON_NAME = AppIcon;
				CODE_SIGN_STYLE = Automatic;
				DEVELOPMENT_TEAM = ARM9KE6EQA;
				INFOPLIST_FILE = SwiftyWords/Info.plist;
				LD_RUNPATH_SEARCH_PATHS = (
					"$(inherited)",
					"@executable_path/Frameworks",
				);
				PRODUCT_BUNDLE_IDENTIFIER = com.hoangpham.SwiftyWords;
				PRODUCT_NAME = "$(TARGET_NAME)";
				SWIFT_VERSION = 5.0;
				TARGETED_DEVICE_FAMILY = 2;
			};
			name = Release;
		};
/* End XCBuildConfiguration section */

/* Begin XCConfigurationList section */
		61FCF4C424112C2A007912CC /* Build configuration list for PBXProject "SwiftyWords" */ = {
			isa = XCConfigurationList;
			buildConfigurations = (
				61FCF4DB24112C2C007912CC /* Debug */,
				61FCF4DC24112C2C007912CC /* Release */,
			);
			defaultConfigurationIsVisible = 0;
			defaultConfigurationName = Release;
		};
		61FCF4DD24112C2C007912CC /* Build configuration list for PBXNativeTarget "SwiftyWords" */ = {
			isa = XCConfigurationList;
			buildConfigurations = (
				61FCF4DE24112C2C007912CC /* Debug */,
				61FCF4DF24112C2C007912CC /* Release */,
			);
			defaultConfigurationIsVisible = 0;
			defaultConfigurationName = Release;
		};
/* End XCConfigurationList section */
	};
	rootObject = 61FCF4C124112C2A007912CC /* Project object */;
}
